{
  "name": "react-performance",
  "version": "0.1.0",
  "lockfileVersion": 1,
  "requires": true,
  "dependencies": {
    "react-perf-devtool": {
      "version": "3.0.2",
      "resolved": "https://registry.npmjs.org/react-perf-devtool/-/react-perf-devtool-3.0.2.tgz",
      "integrity": "sha512-Z6636xvdEMfI2eo5csC13WVrZg2Dj4RB8/QAU2fVuQBzn9E9E5w8mMFSLLY1k8kUAMRUirPvAxqa2ds+updXUQ=="
    }
  }
}
